
Microsoft Visual Studio Solution File, Format Version 12.00
# Visual Studio Version 17
VisualStudioVersion = 17.8.34330.188
MinimumVisualStudioVersion = 10.0.40219.1
Project("{9A19103F-16F7-4668-BE54-9A1E7A4F7556}") = "ENTITIES", "ENTITIES\ENTITIES.csproj", "{10409276-F750-45EC-B352-FB11D88EDEE1}"
EndProject
Project("{9A19103F-16F7-4668-BE54-9A1E7A4F7556}") = "DAL", "DAL\DAL.csproj", "{97F91350-2750-497C-9377-242591117821}"
EndProject
Project("{9A19103F-16F7-4668-BE54-9A1E7A4F7556}") = "BLL", "BLL\BLL.csproj", "{7ED8DA57-BF62-4D51-833E-4CB685B274F0}"
EndProject
Project("{9A19103F-16F7-4668-BE54-9A1E7A4F7556}") = "WebAPI", "WebAPI\WebAPI.csproj", "{D995116C-CB86-4C52-9909-DA6C4234709A}"
EndProject
Project("{9A19103F-16F7-4668-BE54-9A1E7A4F7556}") = "MVC", "MVC\MVC.csproj", "{16FC8508-6DA7-46C3-AA6F-E85E3EE18632}"
EndProject
Global
	GlobalSection(SolutionConfigurationPlatforms) = preSolution
		Debug|Any CPU = Debug|Any CPU
		Release|Any CPU = Release|Any CPU
	EndGlobalSection
	GlobalSection(ProjectConfigurationPlatforms) = postSolution
		{10409276-F750-45EC-B352-FB11D88EDEE1}.Debug|Any CPU.ActiveCfg = Debug|Any CPU
		{10409276-F750-45EC-B352-FB11D88EDEE1}.Debug|Any CPU.Build.0 = Debug|Any CPU
		{10409276-F750-45EC-B352-FB11D88EDEE1}.Release|Any CPU.ActiveCfg = Release|Any CPU
		{10409276-F750-45EC-B352-FB11D88EDEE1}.Release|Any CPU.Build.0 = Release|Any CPU
		{97F91350-2750-497C-9377-242591117821}.Debug|Any CPU.ActiveCfg = Debug|Any CPU
		{97F91350-2750-497C-9377-242591117821}.Debug|Any CPU.Build.0 = Debug|Any CPU
		{97F91350-2750-497C-9377-242591117821}.Release|Any CPU.ActiveCfg = Release|Any CPU
		{97F91350-2750-497C-9377-242591117821}.Release|Any CPU.Build.0 = Release|Any CPU
		{7ED8DA57-BF62-4D51-833E-4CB685B274F0}.Debug|Any CPU.ActiveCfg = Debug|Any CPU
		{7ED8DA57-BF62-4D51-833E-4CB685B274F0}.Debug|Any CPU.Build.0 = Debug|Any CPU
		{7ED8DA57-BF62-4D51-833E-4CB685B274F0}.Release|Any CPU.ActiveCfg = Release|Any CPU
		{7ED8DA57-BF62-4D51-833E-4CB685B274F0}.Release|Any CPU.Build.0 = Release|Any CPU
		{D995116C-CB86-4C52-9909-DA6C4234709A}.Debug|Any CPU.ActiveCfg = Debug|Any CPU
		{D995116C-CB86-4C52-9909-DA6C4234709A}.Debug|Any CPU.Build.0 = Debug|Any CPU
		{D995116C-CB86-4C52-9909-DA6C4234709A}.Release|Any CPU.ActiveCfg = Release|Any CPU
		{D995116C-CB86-4C52-9909-DA6C4234709A}.Release|Any CPU.Build.0 = Release|Any CPU
		{16FC8508-6DA7-46C3-AA6F-E85E3EE18632}.Debug|Any CPU.ActiveCfg = Debug|Any CPU
		{16FC8508-6DA7-46C3-AA6F-E85E3EE18632}.Debug|Any CPU.Build.0 = Debug|Any CPU
		{16FC8508-6DA7-46C3-AA6F-E85E3EE18632}.Release|Any CPU.ActiveCfg = Release|Any CPU
		{16FC8508-6DA7-46C3-AA6F-E85E3EE18632}.Release|Any CPU.Build.0 = Release|Any CPU
	EndGlobalSection
	GlobalSection(SolutionProperties) = preSolution
		HideSolutionNode = FALSE
	EndGlobalSection
	GlobalSection(ExtensibilityGlobals) = postSolution
		SolutionGuid = {3774B424-E1DD-4087-BDF3-1538447629A9}
	EndGlobalSection
EndGlobal
